
Microsoft Visual Studio Solution File, Format Version 12.00
# Visual Studio 15
VisualStudioVersion = 15.0.27004.2010
MinimumVisualStudioVersion = 10.0.40219.1
Project("{FAE04EC0-301F-11D3-BF4B-00C04F79EFBC}") = "MVVMExemplo.Android", "MVVMExemplo\MVVMExemplo.Android\MVVMExemplo.Android.csproj", "{4D4A3D38-67B6-44FD-AFD5-45EAB296B070}"
EndProject
Project("{FAE04EC0-301F-11D3-BF4B-00C04F79EFBC}") = "MVVMExemplo", "MVVMExemplo\MVVMExemplo\MVVMExemplo.csproj", "{C6BDC586-6D33-4E64-BB45-2A321001224C}"
EndProject
Project("{FAE04EC0-301F-11D3-BF4B-00C04F79EFBC}") = "MVVMExemplo.UWP", "MVVMExemplo\MVVMExemplo.UWP\MVVMExemplo.UWP.csproj", "{1D0AA029-0649-44F1-882F-56B64853F9AA}"
EndProject
Project("{FAE04EC0-301F-11D3-BF4B-00C04F79EFBC}") = "MVVMExemplo.iOS", "MVVMExemplo\MVVMExemplo.iOS\MVVMExemplo.iOS.csproj", "{11A60BC5-949D-4A3B-8CD8-9979D82DCC9C}"
EndProject
Global
	GlobalSection(SolutionConfigurationPlatforms) = preSolution
		Ad-Hoc|Any CPU = Ad-Hoc|Any CPU
		Ad-Hoc|ARM = Ad-Hoc|ARM
		Ad-Hoc|iPhone = Ad-Hoc|iPhone
		Ad-Hoc|iPhoneSimulator = Ad-Hoc|iPhoneSimulator
		Ad-Hoc|x64 = Ad-Hoc|x64
		Ad-Hoc|x86 = Ad-Hoc|x86
		AppStore|Any CPU = AppStore|Any CPU
		AppStore|ARM = AppStore|ARM
		AppStore|iPhone = AppStore|iPhone
		AppStore|iPhoneSimulator = AppStore|iPhoneSimulator
		AppStore|x64 = AppStore|x64
		AppStore|x86 = AppStore|x86
		Debug|Any CPU = Debug|Any CPU
		Debug|ARM = Debug|ARM
		Debug|iPhone = Debug|iPhone
		Debug|iPhoneSimulator = Debug|iPhoneSimulator
		Debug|x64 = Debug|x64
		Debug|x86 = Debug|x86
		Release|Any CPU = Release|Any CPU
		Release|ARM = Release|ARM
		Release|iPhone = Release|iPhone
		Release|iPhoneSimulator = Release|iPhoneSimulator
		Release|x64 = Release|x64
		Release|x86 = Release|x86
	EndGlobalSection
	GlobalSection(ProjectConfigurationPlatforms) = postSolution
		{4D4A3D38-67B6-44FD-AFD5-45EAB296B070}.Ad-Hoc|Any CPU.ActiveCfg = Release|Any CPU
		{4D4A3D38-67B6-44FD-AFD5-45EAB296B070}.Ad-Hoc|Any CPU.Build.0 = Release|Any CPU
		{4D4A3D38-67B6-44FD-AFD5-45EAB296B070}.Ad-Hoc|Any CPU.Deploy.0 = Release|Any CPU
		{4D4A3D38-67B6-44FD-AFD5-45EAB296B070}.Ad-Hoc|ARM.ActiveCfg = Release|Any CPU
		{4D4A3D38-67B6-44FD-AFD5-45EAB296B070}.Ad-Hoc|ARM.Build.0 = Release|Any CPU
		{4D4A3D38-67B6-44FD-AFD5-45EAB296B070}.Ad-Hoc|ARM.Deploy.0 = Release|Any CPU
		{4D4A3D38-67B6-44FD-AFD5-45EAB296B070}.Ad-Hoc|iPhone.ActiveCfg = Release|Any CPU
		{4D4A3D38-67B6-44FD-AFD5-45EAB296B070}.Ad-Hoc|iPhone.Build.0 = Release|Any CPU
		{4D4A3D38-67B6-44FD-AFD5-45EAB296B070}.Ad-Hoc|iPhone.Deploy.0 = Release|Any CPU
		{4D4A3D38-67B6-44FD-AFD5-45EAB296B070}.Ad-Hoc|iPhoneSimulator.ActiveCfg = Release|Any CPU
		{4D4A3D38-67B6-44FD-AFD5-45EAB296B070}.Ad-Hoc|iPhoneSimulator.Build.0 = Release|Any CPU
		{4D4A3D38-67B6-44FD-AFD5-45EAB296B070}.Ad-Hoc|iPhoneSimulator.Deploy.0 = Release|Any CPU
		{4D4A3D38-67B6-44FD-AFD5-45EAB296B070}.Ad-Hoc|x64.ActiveCfg = Release|Any CPU
		{4D4A3D38-67B6-44FD-AFD5-45EAB296B070}.Ad-Hoc|x64.Build.0 = Release|Any CPU
		{4D4A3D38-67B6-44FD-AFD5-45EAB296B070}.Ad-Hoc|x64.Deploy.0 = Release|Any CPU
		{4D4A3D38-67B6-44FD-AFD5-45EAB296B070}.Ad-Hoc|x86.ActiveCfg = Release|Any CPU
		{4D4A3D38-67B6-44FD-AFD5-45EAB296B070}.Ad-Hoc|x86.Build.0 = Release|Any CPU
		{4D4A3D38-67B6-44FD-AFD5-45EAB296B070}.Ad-Hoc|x86.Deploy.0 = Release|Any CPU
		{4D4A3D38-67B6-44FD-AFD5-45EAB296B070}.AppStore|Any CPU.ActiveCfg = Release|Any CPU
		{4D4A3D38-67B6-44FD-AFD5-45EAB296B070}.AppStore|Any CPU.Build.0 = Release|Any CPU
		{4D4A3D38-67B6-44FD-AFD5-45EAB296B070}.AppStore|Any CPU.Deploy.0 = Release|Any CPU
		{4D4A3D38-67B6-44FD-AFD5-45EAB296B070}.AppStore|ARM.ActiveCfg = Release|Any CPU
		{4D4A3D38-67B6-44FD-AFD5-45EAB296B070}.AppStore|ARM.Build.0 = Release|Any CPU
		{4D4A3D38-67B6-44FD-AFD5-45EAB296B070}.AppStore|ARM.Deploy.0 = Release|Any CPU
		{4D4A3D38-67B6-44FD-AFD5-45EAB296B070}.AppStore|iPhone.ActiveCfg = Release|Any CPU
		{4D4A3D38-67B6-44FD-AFD5-45EAB296B070}.AppStore|iPhone.Build.0 = Release|Any CPU
		{4D4A3D38-67B6-44FD-AFD5-45EAB296B070}.AppStore|iPhone.Deploy.0 = Release|Any CPU
		{4D4A3D38-67B6-44FD-AFD5-45EAB296B070}.AppStore|iPhoneSimulator.ActiveCfg = Release|Any CPU
		{4D4A3D38-67B6-44FD-AFD5-45EAB296B070}.AppStore|iPhoneSimulator.Build.0 = Release|Any CPU
		{4D4A3D38-67B6-44FD-AFD5-45EAB296B070}.AppStore|iPhoneSimulator.Deploy.0 = Release|Any CPU
		{4D4A3D38-67B6-44FD-AFD5-45EAB296B070}.AppStore|x64.ActiveCfg = Release|Any CPU
		{4D4A3D38-67B6-44FD-AFD5-45EAB296B070}.AppStore|x64.Build.0 = Release|Any CPU
		{4D4A3D38-67B6-44FD-AFD5-45EAB296B070}.AppStore|x64.Deploy.0 = Release|Any CPU
		{4D4A3D38-67B6-44FD-AFD5-45EAB296B070}.AppStore|x86.ActiveCfg = Release|Any CPU
		{4D4A3D38-67B6-44FD-AFD5-45EAB296B070}.AppStore|x86.Build.0 = Release|Any CPU
		{4D4A3D38-67B6-44FD-AFD5-45EAB296B070}.AppStore|x86.Deploy.0 = Release|Any CPU
		{4D4A3D38-67B6-44FD-AFD5-45EAB296B070}.Debug|Any CPU.ActiveCfg = Debug|Any CPU
		{4D4A3D38-67B6-44FD-AFD5-45EAB296B070}.Debug|Any CPU.Build.0 = Debug|Any CPU
		{4D4A3D38-67B6-44FD-AFD5-45EAB296B070}.Debug|Any CPU.Deploy.0 = Debug|Any CPU
		{4D4A3D38-67B6-44FD-AFD5-45EAB296B070}.Debug|ARM.ActiveCfg = Debug|Any CPU
		{4D4A3D38-67B6-44FD-AFD5-45EAB296B070}.Debug|ARM.Build.0 = Debug|Any CPU
		{4D4A3D38-67B6-44FD-AFD5-45EAB296B070}.Debug|ARM.Deploy.0 = Debug|Any CPU
		{4D4A3D38-67B6-44FD-AFD5-45EAB296B070}.Debug|iPhone.ActiveCfg = Debug|Any CPU
		{4D4A3D38-67B6-44FD-AFD5-45EAB296B070}.Debug|iPhone.Build.0 = Debug|Any CPU
		{4D4A3D38-67B6-44FD-AFD5-45EAB296B070}.Debug|iPhone.Deploy.0 = Debug|Any CPU
		{4D4A3D38-67B6-44FD-AFD5-45EAB296B070}.Debug|iPhoneSimulator.ActiveCfg = Debug|Any CPU
		{4D4A3D38-67B6-44FD-AFD5-45EAB296B070}.Debug|iPhoneSimulator.Build.0 = Debug|Any CPU
		{4D4A3D38-67B6-44FD-AFD5-45EAB296B070}.Debug|iPhoneSimulator.Deploy.0 = Debug|Any CPU
		{4D4A3D38-67B6-44FD-AFD5-45EAB296B070}.Debug|x64.ActiveCfg = Debug|Any CPU
		{4D4A3D38-67B6-44FD-AFD5-45EAB296B070}.Debug|x64.Build.0 = Debug|Any CPU
		{4D4A3D38-67B6-44FD-AFD5-45EAB296B070}.Debug|x64.Deploy.0 = Debug|Any CPU
		{4D4A3D38-67B6-44FD-AFD5-45EAB296B070}.Debug|x86.ActiveCfg = Debug|Any CPU
		{4D4A3D38-67B6-44FD-AFD5-45EAB296B070}.Debug|x86.Build.0 = Debug|Any CPU
		{4D4A3D38-67B6-44FD-AFD5-45EAB296B070}.Debug|x86.Deploy.0 = Debug|Any CPU
		{4D4A3D38-67B6-44FD-AFD5-45EAB296B070}.Release|Any CPU.ActiveCfg = Release|Any CPU
		{4D4A3D38-67B6-44FD-AFD5-45EAB296B070}.Release|Any CPU.Build.0 = Release|Any CPU
		{4D4A3D38-67B6-44FD-AFD5-45EAB296B070}.Release|Any CPU.Deploy.0 = Release|Any CPU
		{4D4A3D38-67B6-44FD-AFD5-45EAB296B070}.Release|ARM.ActiveCfg = Release|Any CPU
		{4D4A3D38-67B6-44FD-AFD5-45EAB296B070}.Release|ARM.Build.0 = Release|Any CPU
		{4D4A3D38-67B6-44FD-AFD5-45EAB296B070}.Release|ARM.Deploy.0 = Release|Any CPU
		{4D4A3D38-67B6-44FD-AFD5-45EAB296B070}.Release|iPhone.ActiveCfg = Release|Any CPU
		{4D4A3D38-67B6-44FD-AFD5-45EAB296B070}.Release|iPhone.Build.0 = Release|Any CPU
		{4D4A3D38-67B6-44FD-AFD5-45EAB296B070}.Release|iPhone.Deploy.0 = Release|Any CPU
		{4D4A3D38-67B6-44FD-AFD5-45EAB296B070}.Release|iPhoneSimulator.ActiveCfg = Release|Any CPU
		{4D4A3D38-67B6-44FD-AFD5-45EAB296B070}.Release|iPhoneSimulator.Build.0 = Release|Any CPU
		{4D4A3D38-67B6-44FD-AFD5-45EAB296B070}.Release|iPhoneSimulator.Deploy.0 = Release|Any CPU
		{4D4A3D38-67B6-44FD-AFD5-45EAB296B070}.Release|x64.ActiveCfg = Release|Any CPU
		{4D4A3D38-67B6-44FD-AFD5-45EAB296B070}.Release|x64.Build.0 = Release|Any CPU
		{4D4A3D38-67B6-44FD-AFD5-45EAB296B070}.Release|x64.Deploy.0 = Release|Any CPU
		{4D4A3D38-67B6-44FD-AFD5-45EAB296B070}.Release|x86.ActiveCfg = Release|Any CPU
		{4D4A3D38-67B6-44FD-AFD5-45EAB296B070}.Release|x86.Build.0 = Release|Any CPU
		{4D4A3D38-67B6-44FD-AFD5-45EAB296B070}.Release|x86.Deploy.0 = Release|Any CPU
		{C6BDC586-6D33-4E64-BB45-2A321001224C}.Ad-Hoc|Any CPU.ActiveCfg = Release|Any CPU
		{C6BDC586-6D33-4E64-BB45-2A321001224C}.Ad-Hoc|Any CPU.Build.0 = Release|Any CPU
		{C6BDC586-6D33-4E64-BB45-2A321001224C}.Ad-Hoc|ARM.ActiveCfg = Release|Any CPU
		{C6BDC586-6D33-4E64-BB45-2A321001224C}.Ad-Hoc|ARM.Build.0 = Release|Any CPU
		{C6BDC586-6D33-4E64-BB45-2A321001224C}.Ad-Hoc|iPhone.ActiveCfg = Release|Any CPU
		{C6BDC586-6D33-4E64-BB45-2A321001224C}.Ad-Hoc|iPhone.Build.0 = Release|Any CPU
		{C6BDC586-6D33-4E64-BB45-2A321001224C}.Ad-Hoc|iPhoneSimulator.ActiveCfg = Release|Any CPU
		{C6BDC586-6D33-4E64-BB45-2A321001224C}.Ad-Hoc|iPhoneSimulator.Build.0 = Release|Any CPU
		{C6BDC586-6D33-4E64-BB45-2A321001224C}.Ad-Hoc|x64.ActiveCfg = Release|Any CPU
		{C6BDC586-6D33-4E64-BB45-2A321001224C}.Ad-Hoc|x64.Build.0 = Release|Any CPU
		{C6BDC586-6D33-4E64-BB45-2A321001224C}.Ad-Hoc|x86.ActiveCfg = Release|Any CPU
		{C6BDC586-6D33-4E64-BB45-2A321001224C}.Ad-Hoc|x86.Build.0 = Release|Any CPU
		{C6BDC586-6D33-4E64-BB45-2A321001224C}.AppStore|Any CPU.ActiveCfg = Release|Any CPU
		{C6BDC586-6D33-4E64-BB45-2A321001224C}.AppStore|Any CPU.Build.0 = Release|Any CPU
		{C6BDC586-6D33-4E64-BB45-2A321001224C}.AppStore|ARM.ActiveCfg = Release|Any CPU
		{C6BDC586-6D33-4E64-BB45-2A321001224C}.AppStore|ARM.Build.0 = Release|Any CPU
		{C6BDC586-6D33-4E64-BB45-2A321001224C}.AppStore|iPhone.ActiveCfg = Release|Any CPU
		{C6BDC586-6D33-4E64-BB45-2A321001224C}.AppStore|iPhone.Build.0 = Release|Any CPU
		{C6BDC586-6D33-4E64-BB45-2A321001224C}.AppStore|iPhoneSimulator.ActiveCfg = Release|Any CPU
		{C6BDC586-6D33-4E64-BB45-2A321001224C}.AppStore|iPhoneSimulator.Build.0 = Release|Any CPU
		{C6BDC586-6D33-4E64-BB45-2A321001224C}.AppStore|x64.ActiveCfg = Release|Any CPU
		{C6BDC586-6D33-4E64-BB45-2A321001224C}.AppStore|x64.Build.0 = Release|Any CPU
		{C6BDC586-6D33-4E64-BB45-2A321001224C}.AppStore|x86.ActiveCfg = Release|Any CPU
		{C6BDC586-6D33-4E64-BB45-2A321001224C}.AppStore|x86.Build.0 = Release|Any CPU
		{C6BDC586-6D33-4E64-BB45-2A321001224C}.Debug|Any CPU.ActiveCfg = Debug|Any CPU
		{C6BDC586-6D33-4E64-BB45-2A321001224C}.Debug|Any CPU.Build.0 = Debug|Any CPU
		{C6BDC586-6D33-4E64-BB45-2A321001224C}.Debug|ARM.ActiveCfg = Debug|Any CPU
		{C6BDC586-6D33-4E64-BB45-2A321001224C}.Debug|ARM.Build.0 = Debug|Any CPU
		{C6BDC586-6D33-4E64-BB45-2A321001224C}.Debug|iPhone.ActiveCfg = Debug|Any CPU
		{C6BDC586-6D33-4E64-BB45-2A321001224C}.Debug|iPhone.Build.0 = Debug|Any CPU
		{C6BDC586-6D33-4E64-BB45-2A321001224C}.Debug|iPhoneSimulator.ActiveCfg = Debug|Any CPU
		{C6BDC586-6D33-4E64-BB45-2A321001224C}.Debug|iPhoneSimulator.Build.0 = Debug|Any CPU
		{C6BDC586-6D33-4E64-BB45-2A321001224C}.Debug|x64.ActiveCfg = Debug|Any CPU
		{C6BDC586-6D33-4E64-BB45-2A321001224C}.Debug|x64.Build.0 = Debug|Any CPU
		{C6BDC586-6D33-4E64-BB45-2A321001224C}.Debug|x86.ActiveCfg = Debug|Any CPU
		{C6BDC586-6D33-4E64-BB45-2A321001224C}.Debug|x86.Build.0 = Debug|Any CPU
		{C6BDC586-6D33-4E64-BB45-2A321001224C}.Release|Any CPU.ActiveCfg = Release|Any CPU
		{C6BDC586-6D33-4E64-BB45-2A321001224C}.Release|Any CPU.Build.0 = Release|Any CPU
		{C6BDC586-6D33-4E64-BB45-2A321001224C}.Release|ARM.ActiveCfg = Release|Any CPU
		{C6BDC586-6D33-4E64-BB45-2A321001224C}.Release|ARM.Build.0 = Release|Any CPU
		{C6BDC586-6D33-4E64-BB45-2A321001224C}.Release|iPhone.ActiveCfg = Release|Any CPU
		{C6BDC586-6D33-4E64-BB45-2A321001224C}.Release|iPhone.Build.0 = Release|Any CPU
		{C6BDC586-6D33-4E64-BB45-2A321001224C}.Release|iPhoneSimulator.ActiveCfg = Release|Any CPU
		{C6BDC586-6D33-4E64-BB45-2A321001224C}.Release|iPhoneSimulator.Build.0 = Release|Any CPU
		{C6BDC586-6D33-4E64-BB45-2A321001224C}.Release|x64.ActiveCfg = Release|Any CPU
		{C6BDC586-6D33-4E64-BB45-2A321001224C}.Release|x64.Build.0 = Release|Any CPU
		{C6BDC586-6D33-4E64-BB45-2A321001224C}.Release|x86.ActiveCfg = Release|Any CPU
		{C6BDC586-6D33-4E64-BB45-2A321001224C}.Release|x86.Build.0 = Release|Any CPU
		{1D0AA029-0649-44F1-882F-56B64853F9AA}.Ad-Hoc|Any CPU.ActiveCfg = Release|x86
		{1D0AA029-0649-44F1-882F-56B64853F9AA}.Ad-Hoc|Any CPU.Build.0 = Release|x86
		{1D0AA029-0649-44F1-882F-56B64853F9AA}.Ad-Hoc|Any CPU.Deploy.0 = Release|x86
		{1D0AA029-0649-44F1-882F-56B64853F9AA}.Ad-Hoc|ARM.ActiveCfg = Release|ARM
		{1D0AA029-0649-44F1-882F-56B64853F9AA}.Ad-Hoc|ARM.Build.0 = Release|ARM
		{1D0AA029-0649-44F1-882F-56B64853F9AA}.Ad-Hoc|ARM.Deploy.0 = Release|ARM
		{1D0AA029-0649-44F1-882F-56B64853F9AA}.Ad-Hoc|iPhone.ActiveCfg = Release|x86
		{1D0AA029-0649-44F1-882F-56B64853F9AA}.Ad-Hoc|iPhone.Build.0 = Release|x86
		{1D0AA029-0649-44F1-882F-56B64853F9AA}.Ad-Hoc|iPhone.Deploy.0 = Release|x86
		{1D0AA029-0649-44F1-882F-56B64853F9AA}.Ad-Hoc|iPhoneSimulator.ActiveCfg = Release|x86
		{1D0AA029-0649-44F1-882F-56B64853F9AA}.Ad-Hoc|iPhoneSimulator.Build.0 = Release|x86
		{1D0AA029-0649-44F1-882F-56B64853F9AA}.Ad-Hoc|iPhoneSimulator.Deploy.0 = Release|x86
		{1D0AA029-0649-44F1-882F-56B64853F9AA}.Ad-Hoc|x64.ActiveCfg = Release|x64
		{1D0AA029-0649-44F1-882F-56B64853F9AA}.Ad-Hoc|x64.Build.0 = Release|x64
		{1D0AA029-0649-44F1-882F-56B64853F9AA}.Ad-Hoc|x64.Deploy.0 = Release|x64
		{1D0AA029-0649-44F1-882F-56B64853F9AA}.Ad-Hoc|x86.ActiveCfg = Release|x86
		{1D0AA029-0649-44F1-882F-56B64853F9AA}.Ad-Hoc|x86.Build.0 = Release|x86
		{1D0AA029-0649-44F1-882F-56B64853F9AA}.Ad-Hoc|x86.Deploy.0 = Release|x86
		{1D0AA029-0649-44F1-882F-56B64853F9AA}.AppStore|Any CPU.ActiveCfg = Release|x86
		{1D0AA029-0649-44F1-882F-56B64853F9AA}.AppStore|Any CPU.Build.0 = Release|x86
		{1D0AA029-0649-44F1-882F-56B64853F9AA}.AppStore|Any CPU.Deploy.0 = Release|x86
		{1D0AA029-0649-44F1-882F-56B64853F9AA}.AppStore|ARM.ActiveCfg = Release|ARM
		{1D0AA029-0649-44F1-882F-56B64853F9AA}.AppStore|ARM.Build.0 = Release|ARM
		{1D0AA029-0649-44F1-882F-56B64853F9AA}.AppStore|ARM.Deploy.0 = Release|ARM
		{1D0AA029-0649-44F1-882F-56B64853F9AA}.AppStore|iPhone.ActiveCfg = Release|x86
		{1D0AA029-0649-44F1-882F-56B64853F9AA}.AppStore|iPhone.Build.0 = Release|x86
		{1D0AA029-0649-44F1-882F-56B64853F9AA}.AppStore|iPhone.Deploy.0 = Release|x86
		{1D0AA029-0649-44F1-882F-56B64853F9AA}.AppStore|iPhoneSimulator.ActiveCfg = Release|x86
		{1D0AA029-0649-44F1-882F-56B64853F9AA}.AppStore|iPhoneSimulator.Build.0 = Release|x86
		{1D0AA029-0649-44F1-882F-56B64853F9AA}.AppStore|iPhoneSimulator.Deploy.0 = Release|x86
		{1D0AA029-0649-44F1-882F-56B64853F9AA}.AppStore|x64.ActiveCfg = Release|x64
		{1D0AA029-0649-44F1-882F-56B64853F9AA}.AppStore|x64.Build.0 = Release|x64
		{1D0AA029-0649-44F1-882F-56B64853F9AA}.AppStore|x64.Deploy.0 = Release|x64
		{1D0AA029-0649-44F1-882F-56B64853F9AA}.AppStore|x86.ActiveCfg = Release|x86
		{1D0AA029-0649-44F1-882F-56B64853F9AA}.AppStore|x86.Build.0 = Release|x86
		{1D0AA029-0649-44F1-882F-56B64853F9AA}.AppStore|x86.Deploy.0 = Release|x86
		{1D0AA029-0649-44F1-882F-56B64853F9AA}.Debug|Any CPU.ActiveCfg = Debug|x86
		{1D0AA029-0649-44F1-882F-56B64853F9AA}.Debug|ARM.ActiveCfg = Debug|ARM
		{1D0AA029-0649-44F1-882F-56B64853F9AA}.Debug|ARM.Build.0 = Debug|ARM
		{1D0AA029-0649-44F1-882F-56B64853F9AA}.Debug|ARM.Deploy.0 = Debug|ARM
		{1D0AA029-0649-44F1-882F-56B64853F9AA}.Debug|iPhone.ActiveCfg = Debug|x86
		{1D0AA029-0649-44F1-882F-56B64853F9AA}.Debug|iPhoneSimulator.ActiveCfg = Debug|x86
		{1D0AA029-0649-44F1-882F-56B64853F9AA}.Debug|x64.ActiveCfg = Debug|x64
		{1D0AA029-0649-44F1-882F-56B64853F9AA}.Debug|x64.Build.0 = Debug|x64
		{1D0AA029-0649-44F1-882F-56B64853F9AA}.Debug|x64.Deploy.0 = Debug|x64
		{1D0AA029-0649-44F1-882F-56B64853F9AA}.Debug|x86.ActiveCfg = Debug|x86
		{1D0AA029-0649-44F1-882F-56B64853F9AA}.Debug|x86.Build.0 = Debug|x86
		{1D0AA029-0649-44F1-882F-56B64853F9AA}.Debug|x86.Deploy.0 = Debug|x86
		{1D0AA029-0649-44F1-882F-56B64853F9AA}.Release|Any CPU.ActiveCfg = Release|x86
		{1D0AA029-0649-44F1-882F-56B64853F9AA}.Release|ARM.ActiveCfg = Release|ARM
		{1D0AA029-0649-44F1-882F-56B64853F9AA}.Release|ARM.Build.0 = Release|ARM
		{1D0AA029-0649-44F1-882F-56B64853F9AA}.Release|ARM.Deploy.0 = Release|ARM
		{1D0AA029-0649-44F1-882F-56B64853F9AA}.Release|iPhone.ActiveCfg = Release|x86
		{1D0AA029-0649-44F1-882F-56B64853F9AA}.Release|iPhoneSimulator.ActiveCfg = Release|x86
		{1D0AA029-0649-44F1-882F-56B64853F9AA}.Release|x64.ActiveCfg = Release|x64
		{1D0AA029-0649-44F1-882F-56B64853F9AA}.Release|x64.Build.0 = Release|x64
		{1D0AA029-0649-44F1-882F-56B64853F9AA}.Release|x64.Deploy.0 = Release|x64
		{1D0AA029-0649-44F1-882F-56B64853F9AA}.Release|x86.ActiveCfg = Release|x86
		{1D0AA029-0649-44F1-882F-56B64853F9AA}.Release|x86.Build.0 = Release|x86
		{1D0AA029-0649-44F1-882F-56B64853F9AA}.Release|x86.Deploy.0 = Release|x86
		{11A60BC5-949D-4A3B-8CD8-9979D82DCC9C}.Ad-Hoc|Any CPU.ActiveCfg = Ad-Hoc|iPhoneSimulator
		{11A60BC5-949D-4A3B-8CD8-9979D82DCC9C}.Ad-Hoc|ARM.ActiveCfg = Ad-Hoc|iPhone
		{11A60BC5-949D-4A3B-8CD8-9979D82DCC9C}.Ad-Hoc|iPhone.ActiveCfg = Ad-Hoc|iPhone
		{11A60BC5-949D-4A3B-8CD8-9979D82DCC9C}.Ad-Hoc|iPhone.Build.0 = Ad-Hoc|iPhone
		{11A60BC5-949D-4A3B-8CD8-9979D82DCC9C}.Ad-Hoc|iPhoneSimulator.ActiveCfg = Ad-Hoc|iPhoneSimulator
		{11A60BC5-949D-4A3B-8CD8-9979D82DCC9C}.Ad-Hoc|iPhoneSimulator.Build.0 = Ad-Hoc|iPhoneSimulator
		{11A60BC5-949D-4A3B-8CD8-9979D82DCC9C}.Ad-Hoc|x64.ActiveCfg = Ad-Hoc|iPhone
		{11A60BC5-949D-4A3B-8CD8-9979D82DCC9C}.Ad-Hoc|x86.ActiveCfg = Ad-Hoc|iPhone
		{11A60BC5-949D-4A3B-8CD8-9979D82DCC9C}.AppStore|Any CPU.ActiveCfg = AppStore|iPhoneSimulator
		{11A60BC5-949D-4A3B-8CD8-9979D82DCC9C}.AppStore|ARM.ActiveCfg = AppStore|iPhone
		{11A60BC5-949D-4A3B-8CD8-9979D82DCC9C}.AppStore|iPhone.ActiveCfg = AppStore|iPhone
		{11A60BC5-949D-4A3B-8CD8-9979D82DCC9C}.AppStore|iPhone.Build.0 = AppStore|iPhone
		{11A60BC5-949D-4A3B-8CD8-9979D82DCC9C}.AppStore|iPhoneSimulator.ActiveCfg = AppStore|iPhoneSimulator
		{11A60BC5-949D-4A3B-8CD8-9979D82DCC9C}.AppStore|iPhoneSimulator.Build.0 = AppStore|iPhoneSimulator
		{11A60BC5-949D-4A3B-8CD8-9979D82DCC9C}.AppStore|x64.ActiveCfg = AppStore|iPhone
		{11A60BC5-949D-4A3B-8CD8-9979D82DCC9C}.AppStore|x86.ActiveCfg = AppStore|iPhone
		{11A60BC5-949D-4A3B-8CD8-9979D82DCC9C}.Debug|Any CPU.ActiveCfg = Debug|iPhoneSimulator
		{11A60BC5-949D-4A3B-8CD8-9979D82DCC9C}.Debug|ARM.ActiveCfg = Debug|iPhone
		{11A60BC5-949D-4A3B-8CD8-9979D82DCC9C}.Debug|iPhone.ActiveCfg = Debug|iPhone
		{11A60BC5-949D-4A3B-8CD8-9979D82DCC9C}.Debug|iPhone.Build.0 = Debug|iPhone
		{11A60BC5-949D-4A3B-8CD8-9979D82DCC9C}.Debug|iPhoneSimulator.ActiveCfg = Debug|iPhoneSimulator
		{11A60BC5-949D-4A3B-8CD8-9979D82DCC9C}.Debug|iPhoneSimulator.Build.0 = Debug|iPhoneSimulator
		{11A60BC5-949D-4A3B-8CD8-9979D82DCC9C}.Debug|x64.ActiveCfg = Debug|iPhone
		{11A60BC5-949D-4A3B-8CD8-9979D82DCC9C}.Debug|x86.ActiveCfg = Debug|iPhone
		{11A60BC5-949D-4A3B-8CD8-9979D82DCC9C}.Release|Any CPU.ActiveCfg = Release|iPhoneSimulator
		{11A60BC5-949D-4A3B-8CD8-9979D82DCC9C}.Release|ARM.ActiveCfg = Release|iPhone
		{11A60BC5-949D-4A3B-8CD8-9979D82DCC9C}.Release|iPhone.ActiveCfg = Release|iPhone
		{11A60BC5-949D-4A3B-8CD8-9979D82DCC9C}.Release|iPhone.Build.0 = Release|iPhone
		{11A60BC5-949D-4A3B-8CD8-9979D82DCC9C}.Release|iPhoneSimulator.ActiveCfg = Release|iPhoneSimulator
		{11A60BC5-949D-4A3B-8CD8-9979D82DCC9C}.Release|iPhoneSimulator.Build.0 = Release|iPhoneSimulator
		{11A60BC5-949D-4A3B-8CD8-9979D82DCC9C}.Release|x64.ActiveCfg = Release|iPhone
		{11A60BC5-949D-4A3B-8CD8-9979D82DCC9C}.Release|x86.ActiveCfg = Release|iPhone
	EndGlobalSection
	GlobalSection(SolutionProperties) = preSolution
		HideSolutionNode = FALSE
	EndGlobalSection
	GlobalSection(ExtensibilityGlobals) = postSolution
		SolutionGuid = {D32E46D1-6FB1-472F-83BD-45844F82FE85}
	EndGlobalSection
EndGlobal
